lockfileVersion: 5.4

specifiers:
  '@effect/data': 0.5.0
  '@effect/io': 0.10.0
  '@effect/match': 0.5.0
  '@effect/schema': 0.3.0
  '@types/node': 18.15.5
  prettier: 2.8.6
  tsx: 3.12.6
  typescript: 5.0.2

dependencies:
  '@effect/data': 0.5.0
  '@effect/io': 0.10.0
  '@effect/match': 0.5.0
  '@effect/schema': 0.3.0
  typescript: 5.0.2

devDependencies:
  '@types/node': 18.15.5
  prettier: 2.8.6
  tsx: 3.12.6

packages:

  /@effect/data/0.4.1:
    resolution: {integrity: sha512-FdQ0qbYL7t+GP5eWdAPC+oeN2w3zqnujrdDLp/sj58UtMxFSHg21crprmbmiAJAWsL5EdB9aZzcisBGn382xHg==}
    dev: false

  /@effect/data/0.5.0:
    resolution: {integrity: sha512-9yuEyx19MCt4cCUlqJMgtiDxuAVlm9oA14IS4AtsG7Xip/8uKcmxSfynKfiDuPWJukA2QHR54blUzewqBxupvQ==}
    dev: false

  /@effect/io/0.10.0:
    resolution: {integrity: sha512-zNST2PjJlbpzle/zCUpui3Ttp8By8Z9gDfRpy6o//ejgL2CCd0G4VflZ74Hy3L8w/GLCVUXput52DfB5bxEsqA==}
    dependencies:
      '@effect/data': 0.5.0
    dev: false

  /@effect/match/0.5.0:
    resolution: {integrity: sha512-GL7FDC08mMEvkPO8q0pcd6sHIK0/Lvv5x5BAyP2vujBsstZtVXWkGojmG6gqpqnEGwtmV1FeUePOUR9fwDkSRw==}
    dependencies:
      '@effect/data': 0.5.0
      '@effect/schema': 0.2.1
    dev: false

  /@effect/schema/0.2.1:
    resolution: {integrity: sha512-ZaSUaIDD5rgGnl3j+XtoDO1ARUbjCWTbGdMQoaYQJrf/0NtovYVTGnEzIAqXBvi2pMw3suGsP7KQyHToHY8NHg==}
    dependencies:
      '@effect/data': 0.4.1
      fast-check: 3.7.1
    dev: false

  /@effect/schema/0.3.0:
    resolution: {integrity: sha512-5CiZ5w3EqCnPsI6qNCIbPsH0enf1huQQTWOk7DePi6DpBhIBHPC83t+tRoEHRzno1rseKEY77s8LOuVUcUphUw==}
    dependencies:
      '@effect/data': 0.5.0
      '@effect/io': 0.10.0
      fast-check: 3.7.1
    dev: false

  /@esbuild-kit/cjs-loader/2.4.2:
    resolution: {integrity: sha512-BDXFbYOJzT/NBEtp71cvsrGPwGAMGRB/349rwKuoxNSiKjPraNNnlK6MIIabViCjqZugu6j+xeMDlEkWdHHJSg==}
    dependencies:
      '@esbuild-kit/core-utils': 3.1.0
      get-tsconfig: 4.4.0
    dev: true

  /@esbuild-kit/core-utils/3.1.0:
    resolution: {integrity: sha512-Uuk8RpCg/7fdHSceR1M6XbSZFSuMrxcePFuGgyvsBn+u339dk5OeL4jv2EojwTN2st/unJGsVm4qHWjWNmJ/tw==}
    dependencies:
      esbuild: 0.17.12
      source-map-support: 0.5.21
    dev: true

  /@esbuild-kit/esm-loader/2.5.5:
    resolution: {integrity: sha512-Qwfvj/qoPbClxCRNuac1Du01r9gvNOT+pMYtJDapfB1eoGN1YlJ1BixLyL9WVENRx5RXgNLdfYdx/CuswlGhMw==}
    dependencies:
      '@esbuild-kit/core-utils': 3.1.0
      get-tsconfig: 4.4.0
    dev: true

  /@esbuild/android-arm/0.17.12:
    resolution: {integrity: sha512-E/sgkvwoIfj4aMAPL2e35VnUJspzVYl7+M1B2cqeubdBhADV4uPon0KCc8p2G+LqSJ6i8ocYPCqY3A4GGq0zkQ==}
    engines: {node: '>=12'}
    cpu: [arm]
    os: [android]
    requiresBuild: true
    dev: true
    optional: true

  /@esbuild/android-arm64/0.17.12:
    resolution: {integrity: sha512-WQ9p5oiXXYJ33F2EkE3r0FRDFVpEdcDiwNX3u7Xaibxfx6vQE0Sb8ytrfQsA5WO6kDn6mDfKLh6KrPBjvkk7xA==}
    engines: {node: '>=12'}
    cpu: [arm64]
    os: [android]
    requiresBuild: true
    dev: true
    optional: true

  /@esbuild/android-x64/0.17.12:
    resolution: {integrity: sha512-m4OsaCr5gT+se25rFPHKQXARMyAehHTQAz4XX1Vk3d27VtqiX0ALMBPoXZsGaB6JYryCLfgGwUslMqTfqeLU0w==}
    engines: {node: '>=12'}
    cpu: [x64]
    os: [android]
    requiresBuild: true
    dev: true
    optional: true

  /@esbuild/darwin-arm64/0.17.12:
    resolution: {integrity: sha512-O3GCZghRIx+RAN0NDPhyyhRgwa19MoKlzGonIb5hgTj78krqp9XZbYCvFr9N1eUxg0ZQEpiiZ4QvsOQwBpP+lg==}
    engines: {node: '>=12'}
    cpu: [arm64]
    os: [darwin]
    requiresBuild: true
    dev: true
    optional: true

  /@esbuild/darwin-x64/0.17.12:
    resolution: {integrity: sha512-5D48jM3tW27h1qjaD9UNRuN+4v0zvksqZSPZqeSWggfMlsVdAhH3pwSfQIFJwcs9QJ9BRibPS4ViZgs3d2wsCA==}
    engines: {node: '>=12'}
    cpu: [x64]
    os: [darwin]
    requiresBuild: true
    dev: true
    optional: true

  /@esbuild/freebsd-arm64/0.17.12:
    resolution: {integrity: sha512-OWvHzmLNTdF1erSvrfoEBGlN94IE6vCEaGEkEH29uo/VoONqPnoDFfShi41Ew+yKimx4vrmmAJEGNoyyP+OgOQ==}
    engines: {node: '>=12'}
    cpu: [arm64]
    os: [freebsd]
    requiresBuild: true
    dev: true
    optional: true

  /@esbuild/freebsd-x64/0.17.12:
    resolution: {integrity: sha512-A0Xg5CZv8MU9xh4a+7NUpi5VHBKh1RaGJKqjxe4KG87X+mTjDE6ZvlJqpWoeJxgfXHT7IMP9tDFu7IZ03OtJAw==}
    engines: {node: '>=12'}
    cpu: [x64]
    os: [freebsd]
    requiresBuild: true
    dev: true
    optional: true

  /@esbuild/linux-arm/0.17.12:
    resolution: {integrity: sha512-WsHyJ7b7vzHdJ1fv67Yf++2dz3D726oO3QCu8iNYik4fb5YuuReOI9OtA+n7Mk0xyQivNTPbl181s+5oZ38gyA==}
    engines: {node: '>=12'}
    cpu: [arm]
    os: [linux]
    requiresBuild: true
    dev: true
    optional: true

  /@esbuild/linux-arm64/0.17.12:
    resolution: {integrity: sha512-cK3AjkEc+8v8YG02hYLQIQlOznW+v9N+OI9BAFuyqkfQFR+DnDLhEM5N8QRxAUz99cJTo1rLNXqRrvY15gbQUg==}
    engines: {node: '>=12'}
    cpu: [arm64]
    os: [linux]
    requiresBuild: true
    dev: true
    optional: true

  /@esbuild/linux-ia32/0.17.12:
    resolution: {integrity: sha512-jdOBXJqcgHlah/nYHnj3Hrnl9l63RjtQ4vn9+bohjQPI2QafASB5MtHAoEv0JQHVb/xYQTFOeuHnNYE1zF7tYw==}
    engines: {node: '>=12'}
    cpu: [ia32]
    os: [linux]
    requiresBuild: true
    dev: true
    optional: true

  /@esbuild/linux-loong64/0.17.12:
    resolution: {integrity: sha512-GTOEtj8h9qPKXCyiBBnHconSCV9LwFyx/gv3Phw0pa25qPYjVuuGZ4Dk14bGCfGX3qKF0+ceeQvwmtI+aYBbVA==}
    engines: {node: '>=12'}
    cpu: [loong64]
    os: [linux]
    requiresBuild: true
    dev: true
    optional: true

  /@esbuild/linux-mips64el/0.17.12:
    resolution: {integrity: sha512-o8CIhfBwKcxmEENOH9RwmUejs5jFiNoDw7YgS0EJTF6kgPgcqLFjgoc5kDey5cMHRVCIWc6kK2ShUePOcc7RbA==}
    engines: {node: '>=12'}
    cpu: [mips64el]
    os: [linux]
    requiresBuild: true
    dev: true
    optional: true

  /@esbuild/linux-ppc64/0.17.12:
    resolution: {integrity: sha512-biMLH6NR/GR4z+ap0oJYb877LdBpGac8KfZoEnDiBKd7MD/xt8eaw1SFfYRUeMVx519kVkAOL2GExdFmYnZx3A==}
    engines: {node: '>=12'}
    cpu: [ppc64]
    os: [linux]
    requiresBuild: true
    dev: true
    optional: true

  /@esbuild/linux-riscv64/0.17.12:
    resolution: {integrity: sha512-jkphYUiO38wZGeWlfIBMB72auOllNA2sLfiZPGDtOBb1ELN8lmqBrlMiucgL8awBw1zBXN69PmZM6g4yTX84TA==}
    engines: {node: '>=12'}
    cpu: [riscv64]
    os: [linux]
    requiresBuild: true
    dev: true
    optional: true

  /@esbuild/linux-s390x/0.17.12:
    resolution: {integrity: sha512-j3ucLdeY9HBcvODhCY4b+Ds3hWGO8t+SAidtmWu/ukfLLG/oYDMaA+dnugTVAg5fnUOGNbIYL9TOjhWgQB8W5g==}
    engines: {node: '>=12'}
    cpu: [s390x]
    os: [linux]
    requiresBuild: true
    dev: true
    optional: true

  /@esbuild/linux-x64/0.17.12:
    resolution: {integrity: sha512-uo5JL3cgaEGotaqSaJdRfFNSCUJOIliKLnDGWaVCgIKkHxwhYMm95pfMbWZ9l7GeW9kDg0tSxcy9NYdEtjwwmA==}
    engines: {node: '>=12'}
    cpu: [x64]
    os: [linux]
    requiresBuild: true
    dev: true
    optional: true

  /@esbuild/netbsd-x64/0.17.12:
    resolution: {integrity: sha512-DNdoRg8JX+gGsbqt2gPgkgb00mqOgOO27KnrWZtdABl6yWTST30aibGJ6geBq3WM2TIeW6COs5AScnC7GwtGPg==}
    engines: {node: '>=12'}
    cpu: [x64]
    os: [netbsd]
    requiresBuild: true
    dev: true
    optional: true

  /@esbuild/openbsd-x64/0.17.12:
    resolution: {integrity: sha512-aVsENlr7B64w8I1lhHShND5o8cW6sB9n9MUtLumFlPhG3elhNWtE7M1TFpj3m7lT3sKQUMkGFjTQBrvDDO1YWA==}
    engines: {node: '>=12'}
    cpu: [x64]
    os: [openbsd]
    requiresBuild: true
    dev: true
    optional: true

  /@esbuild/sunos-x64/0.17.12:
    resolution: {integrity: sha512-qbHGVQdKSwi0JQJuZznS4SyY27tYXYF0mrgthbxXrZI3AHKuRvU+Eqbg/F0rmLDpW/jkIZBlCO1XfHUBMNJ1pg==}
    engines: {node: '>=12'}
    cpu: [x64]
    os: [sunos]
    requiresBuild: true
    dev: true
    optional: true

  /@esbuild/win32-arm64/0.17.12:
    resolution: {integrity: sha512-zsCp8Ql+96xXTVTmm6ffvoTSZSV2B/LzzkUXAY33F/76EajNw1m+jZ9zPfNJlJ3Rh4EzOszNDHsmG/fZOhtqDg==}
    engines: {node: '>=12'}
    cpu: [arm64]
    os: [win32]
    requiresBuild: true
    dev: true
    optional: true

  /@esbuild/win32-ia32/0.17.12:
    resolution: {integrity: sha512-FfrFjR4id7wcFYOdqbDfDET3tjxCozUgbqdkOABsSFzoZGFC92UK7mg4JKRc/B3NNEf1s2WHxJ7VfTdVDPN3ng==}
    engines: {node: '>=12'}
    cpu: [ia32]
    os: [win32]
    requiresBuild: true
    dev: true
    optional: true

  /@esbuild/win32-x64/0.17.12:
    resolution: {integrity: sha512-JOOxw49BVZx2/5tW3FqkdjSD/5gXYeVGPDcB0lvap0gLQshkh1Nyel1QazC+wNxus3xPlsYAgqU1BUmrmCvWtw==}
    engines: {node: '>=12'}
    cpu: [x64]
    os: [win32]
    requiresBuild: true
    dev: true
    optional: true

  /@types/node/18.15.5:
    resolution: {integrity: sha512-Ark2WDjjZO7GmvsyFFf81MXuGTA/d6oP38anyxWOL6EREyBKAxKoFHwBhaZxCfLRLpO8JgVXwqOwSwa7jRcjew==}
    dev: true

  /buffer-from/1.1.2:
    resolution: {integrity: sha512-E+XQCRwSbaaiChtv6k6Dwgc+bx+Bs6vuKJHHl5kox/BaKbhiXzqQOwK4cO22yElGp2OCmjwVhT3HmxgyPGnJfQ==}
    dev: true

  /esbuild/0.17.12:
    resolution: {integrity: sha512-bX/zHl7Gn2CpQwcMtRogTTBf9l1nl+H6R8nUbjk+RuKqAE3+8FDulLA+pHvX7aA7Xe07Iwa+CWvy9I8Y2qqPKQ==}
    engines: {node: '>=12'}
    hasBin: true
    requiresBuild: true
    optionalDependencies:
      '@esbuild/android-arm': 0.17.12
      '@esbuild/android-arm64': 0.17.12
      '@esbuild/android-x64': 0.17.12
      '@esbuild/darwin-arm64': 0.17.12
      '@esbuild/darwin-x64': 0.17.12
      '@esbuild/freebsd-arm64': 0.17.12
      '@esbuild/freebsd-x64': 0.17.12
      '@esbuild/linux-arm': 0.17.12
      '@esbuild/linux-arm64': 0.17.12
      '@esbuild/linux-ia32': 0.17.12
      '@esbuild/linux-loong64': 0.17.12
      '@esbuild/linux-mips64el': 0.17.12
      '@esbuild/linux-ppc64': 0.17.12
      '@esbuild/linux-riscv64': 0.17.12
      '@esbuild/linux-s390x': 0.17.12
      '@esbuild/linux-x64': 0.17.12
      '@esbuild/netbsd-x64': 0.17.12
      '@esbuild/openbsd-x64': 0.17.12
      '@esbuild/sunos-x64': 0.17.12
      '@esbuild/win32-arm64': 0.17.12
      '@esbuild/win32-ia32': 0.17.12
      '@esbuild/win32-x64': 0.17.12
    dev: true

  /fast-check/3.7.1:
    resolution: {integrity: sha512-d63EsxP1eedA+x94xNxIpTWtBShq95KL6ZSrKTD0Pp1lPASmajAaDHJ71c5ebwZ+vBzlTt3AOalcAnBzL7PQ6Q==}
    engines: {node: '>=8.0.0'}
    dependencies:
      pure-rand: 6.0.0
    dev: false

  /fsevents/2.3.2:
    resolution: {integrity: sha512-xiqMQR4xAeHTuB9uWm+fFRcIOgKBMiOBP+eXiyT7jsgVCq1bkVygt00oASowB7EdtpOHaaPgKt812P9ab+DDKA==}
    engines: {node: ^8.16.0 || ^10.6.0 || >=11.0.0}
    os: [darwin]
    requiresBuild: true
    dev: true
    optional: true

  /get-tsconfig/4.4.0:
    resolution: {integrity: sha512-0Gdjo/9+FzsYhXCEFueo2aY1z1tpXrxWZzP7k8ul9qt1U5o8rYJwTJYmaeHdrVosYIVYkOy2iwCJ9FdpocJhPQ==}
    dev: true

  /prettier/2.8.6:
    resolution: {integrity: sha512-mtuzdiBbHwPEgl7NxWlqOkithPyp4VN93V7VeHVWBF+ad3I5avc0RVDT4oImXQy9H/AqxA2NSQH8pSxHW6FYbQ==}
    engines: {node: '>=10.13.0'}
    hasBin: true
    dev: true

  /pure-rand/6.0.0:
    resolution: {integrity: sha512-rLSBxJjP+4DQOgcJAx6RZHT2he2pkhQdSnofG5VWyVl6GRq/K02ISOuOLcsMOrtKDIJb8JN2zm3FFzWNbezdPw==}
    dev: false

  /source-map-support/0.5.21:
    resolution: {integrity: sha512-uBHU3L3czsIyYXKX88fdrGovxdSCoTGDRZ6SYXtSRxLZUzHg5P/66Ht6uoUlHu9EZod+inXhKo3qQgwXUT/y1w==}
    dependencies:
      buffer-from: 1.1.2
      source-map: 0.6.1
    dev: true

  /source-map/0.6.1:
    resolution: {integrity: sha512-UjgapumWlbMhkBgzT7Ykc5YXUT46F0iKu8SGXq0bcwP5dz/h0Plj6enJqjz1Zbq2l5WaqYnrVbwWOWMyF3F47g==}
    engines: {node: '>=0.10.0'}
    dev: true

  /tsx/3.12.6:
    resolution: {integrity: sha512-q93WgS3lBdHlPgS0h1i+87Pt6n9K/qULIMNYZo07nSeu2z5QE2CellcAZfofVXBo2tQg9av2ZcRMQ2S2i5oadQ==}
    hasBin: true
    dependencies:
      '@esbuild-kit/cjs-loader': 2.4.2
      '@esbuild-kit/core-utils': 3.1.0
      '@esbuild-kit/esm-loader': 2.5.5
    optionalDependencies:
      fsevents: 2.3.2
    dev: true

  /typescript/5.0.2:
    resolution: {integrity: sha512-wVORMBGO/FAs/++blGNeAVdbNKtIh1rbBL2EyQ1+J9lClJ93KiiKe8PmFIVdXhHcyv44SL9oglmfeSsndo0jRw==}
    engines: {node: '>=12.20'}
    hasBin: true
    dev: false
